
Microsoft Visual Studio Solution File, Format Version 12.00
# Visual Studio 2012
Project("{FAE04EC0-301F-11D3-BF4B-00C04F79EFBC}") = "CSharpProjectGUI", "CSharpProjectGUI\CSharpProjectGUI.csproj", "{D892F840-6130-4BEC-8927-7854340E89A0}"
	ProjectSection(ProjectDependencies) = postProject
		{C48FF37A-B999-4307-B2C7-4C46CCF4E171} = {C48FF37A-B999-4307-B2C7-4C46CCF4E171}
	EndProjectSection
EndProject
Project("{FAE04EC0-301F-11D3-BF4B-00C04F79EFBC}") = "CSharpProjectConsole", "..\CsharpProjectConsole\CSharpProjectConsole\CSharpProjectConsole.csproj", "{C48FF37A-B999-4307-B2C7-4C46CCF4E171}"
EndProject
Global
	GlobalSection(SolutionConfigurationPlatforms) = preSolution
		Debug|Any CPU = Debug|Any CPU
		Release|Any CPU = Release|Any CPU
	EndGlobalSection
	GlobalSection(ProjectConfigurationPlatforms) = postSolution
		{D892F840-6130-4BEC-8927-7854340E89A0}.Debug|Any CPU.ActiveCfg = Debug|Any CPU
		{D892F840-6130-4BEC-8927-7854340E89A0}.Debug|Any CPU.Build.0 = Debug|Any CPU
		{D892F840-6130-4BEC-8927-7854340E89A0}.Release|Any CPU.ActiveCfg = Release|Any CPU
		{D892F840-6130-4BEC-8927-7854340E89A0}.Release|Any CPU.Build.0 = Release|Any CPU
		{C48FF37A-B999-4307-B2C7-4C46CCF4E171}.Debug|Any CPU.ActiveCfg = Debug|Any CPU
		{C48FF37A-B999-4307-B2C7-4C46CCF4E171}.Debug|Any CPU.Build.0 = Debug|Any CPU
		{C48FF37A-B999-4307-B2C7-4C46CCF4E171}.Release|Any CPU.ActiveCfg = Release|Any CPU
		{C48FF37A-B999-4307-B2C7-4C46CCF4E171}.Release|Any CPU.Build.0 = Release|Any CPU
	EndGlobalSection
	GlobalSection(SolutionProperties) = preSolution
		HideSolutionNode = FALSE
	EndGlobalSection
EndGlobal
